
Microsoft Visual Studio Solution File, Format Version 12.00
# Visual Studio Version 17
VisualStudioVersion = 17.8.34525.116
MinimumVisualStudioVersion = 10.0.40219.1
Project("{FAE04EC0-301F-11D3-BF4B-00C04F79EFBC}") = "NotSkype", "NotSkype.csproj", "{C573B625-9D9A-4690-9A7D-4F98FA1E8DEF}"
EndProject
Global
	GlobalSection(SolutionConfigurationPlatforms) = preSolution
		Debug|Any CPU = Debug|Any CPU
		Release|Any CPU = Release|Any CPU
	EndGlobalSection
	GlobalSection(ProjectConfigurationPlatforms) = postSolution
		{C573B625-9D9A-4690-9A7D-4F98FA1E8DEF}.Debug|Any CPU.ActiveCfg = Debug|Any CPU
		{C573B625-9D9A-4690-9A7D-4F98FA1E8DEF}.Debug|Any CPU.Build.0 = Debug|Any CPU
		{C573B625-9D9A-4690-9A7D-4F98FA1E8DEF}.Release|Any CPU.ActiveCfg = Release|Any CPU
		{C573B625-9D9A-4690-9A7D-4F98FA1E8DEF}.Release|Any CPU.Build.0 = Release|Any CPU
	EndGlobalSection
	GlobalSection(SolutionProperties) = preSolution
		HideSolutionNode = FALSE
	EndGlobalSection
	GlobalSection(ExtensibilityGlobals) = postSolution
		SolutionGuid = {90163097-8A6B-4B77-A1B3-FCD96567DB76}
	EndGlobalSection
EndGlobal
